
Microsoft Visual Studio Solution File, Format Version 12.00
# Visual Studio Version 16
VisualStudioVersion = 16.0.30503.244
MinimumVisualStudioVersion = 10.0.40219.1
Project("{FAE04EC0-301F-11D3-BF4B-00C04F79EFBC}") = "TaskManagerV2", "TaskManagerV2.csproj", "{F06D2722-3768-4A29-93C4-50AC84A73CCD}"
EndProject
Global
	GlobalSection(SolutionConfigurationPlatforms) = preSolution
		Debug|Any CPU = Debug|Any CPU
		Release|Any CPU = Release|Any CPU
	EndGlobalSection
	GlobalSection(ProjectConfigurationPlatforms) = postSolution
		{F06D2722-3768-4A29-93C4-50AC84A73CCD}.Debug|Any CPU.ActiveCfg = Debug|Any CPU
		{F06D2722-3768-4A29-93C4-50AC84A73CCD}.Debug|Any CPU.Build.0 = Debug|Any CPU
		{F06D2722-3768-4A29-93C4-50AC84A73CCD}.Release|Any CPU.ActiveCfg = Release|Any CPU
		{F06D2722-3768-4A29-93C4-50AC84A73CCD}.Release|Any CPU.Build.0 = Release|Any CPU
	EndGlobalSection
	GlobalSection(SolutionProperties) = preSolution
		HideSolutionNode = FALSE
	EndGlobalSection
	GlobalSection(ExtensibilityGlobals) = postSolution
		SolutionGuid = {761A8A2C-EA20-4717-B144-6A42DA18E2E1}
	EndGlobalSection
EndGlobal
